// !$*UTF8*$!
{
	archiveVersion = 1;
	classes = {
	};
	objectVersion = 46;
	objects = {

/* Begin PBXBuildFile section */
		74619B8617023EDA00F35BC7 /* BlockActionSheet.m in Sources */ = {isa = PBXBuildFile; fileRef = 74619B7E17023EDA00F35BC7 /* BlockActionSheet.m */; };
		74619B8717023EDA00F35BC7 /* BlockAlertView.m in Sources */ = {isa = PBXBuildFile; fileRef = 74619B8017023EDA00F35BC7 /* BlockAlertView.m */; };
		74619B8817023EDA00F35BC7 /* BlockBackground.m in Sources */ = {isa = PBXBuildFile; fileRef = 74619B8217023EDA00F35BC7 /* BlockBackground.m */; };
		74619B8917023EDA00F35BC7 /* BlockTextPromptAlertView.m in Sources */ = {isa = PBXBuildFile; fileRef = 74619B8417023EDA00F35BC7 /* BlockTextPromptAlertView.m */; };
		74619BA91702430700F35BC7 /* action-black-button-selected.png in Resources */ = {isa = PBXBuildFile; fileRef = 74619B8C1702430700F35BC7 /* action-black-button-selected.png */; };
		74619BAA1702430700F35BC7 /* action-black-button-selected@2x.png in Resources */ = {isa = PBXBuildFile; fileRef = 74619B8D1702430700F35BC7 /* action-black-button-selected@2x.png */; };
		74619BAB1702430700F35BC7 /* action-black-button.png in Resources */ = {isa = PBXBuildFile; fileRef = 74619B8E1702430700F35BC7 /* action-black-button.png */; };
		74619BAC1702430700F35BC7 /* action-black-button@2x.png in Resources */ = {isa = PBXBuildFile; fileRef = 74619B8F1702430700F35BC7 /* action-black-button@2x.png */; };
		74619BAD1702430700F35BC7 /* action-gray-button-selected.png in Resources */ = {isa = PBXBuildFile; fileRef = 74619B901702430700F35BC7 /* action-gray-button-selected.png */; };
		74619BAE1702430700F35BC7 /* action-gray-button-selected@2x.png in Resources */ = {isa = PBXBuildFile; fileRef = 74619B911702430700F35BC7 /* action-gray-button-selected@2x.png */; };
		74619BAF1702430700F35BC7 /* action-gray-button.png in Resources */ = {isa = PBXBuildFile; fileRef = 74619B921702430700F35BC7 /* action-gray-button.png */; };
		74619BB01702430700F35BC7 /* action-gray-button@2x.png in Resources */ = {isa = PBXBuildFile; fileRef = 74619B931702430700F35BC7 /* action-gray-button@2x.png */; };
		74619BB11702430700F35BC7 /* action-red-button-selected.png in Resources */ = {isa = PBXBuildFile; fileRef = 74619B941702430700F35BC7 /* action-red-button-selected.png */; };
		74619BB21702430700F35BC7 /* action-red-button-selected@2x.png in Resources */ = {isa = PBXBuildFile; fileRef = 74619B951702430700F35BC7 /* action-red-button-selected@2x.png */; };
		74619BB31702430700F35BC7 /* action-red-button.png in Resources */ = {isa = PBXBuildFile; fileRef = 74619B961702430700F35BC7 /* action-red-button.png */; };
		74619BB41702430700F35BC7 /* action-red-button@2x.png in Resources */ = {isa = PBXBuildFile; fileRef = 74619B971702430700F35BC7 /* action-red-button@2x.png */; };
		74619BB51702430700F35BC7 /* action-sheet-panel.png in Resources */ = {isa = PBXBuildFile; fileRef = 74619B981702430700F35BC7 /* action-sheet-panel.png */; };
		74619BB61702430700F35BC7 /* action-sheet-panel@2x.png in Resources */ = {isa = PBXBuildFile; fileRef = 74619B991702430700F35BC7 /* action-sheet-panel@2x.png */; };
		74619BB71702430700F35BC7 /* alert-black-button.png in Resources */ = {isa = PBXBuildFile; fileRef = 74619B9B1702430700F35BC7 /* alert-black-button.png */; };
		74619BB81702430700F35BC7 /* alert-black-button@2x.png in Resources */ = {isa = PBXBuildFile; fileRef = 74619B9C1702430700F35BC7 /* alert-black-button@2x.png */; };
		74619BB91702430700F35BC7 /* alert-gray-button.png in Resources */ = {isa = PBXBuildFile; fileRef = 74619B9D1702430700F35BC7 /* alert-gray-button.png */; };
		74619BBA1702430700F35BC7 /* alert-gray-button@2x.png in Resources */ = {isa = PBXBuildFile; fileRef = 74619B9E1702430700F35BC7 /* alert-gray-button@2x.png */; };
		74619BBB1702430700F35BC7 /* alert-red-button.png in Resources */ = {isa = PBXBuildFile; fileRef = 74619B9F1702430700F35BC7 /* alert-red-button.png */; };
		74619BBC1702430700F35BC7 /* alert-red-button@2x.png in Resources */ = {isa = PBXBuildFile; fileRef = 74619BA01702430700F35BC7 /* alert-red-button@2x.png */; };
		74619BBD1702430700F35BC7 /* alert-window.png in Resources */ = {isa = PBXBuildFile; fileRef = 74619BA11702430700F35BC7 /* alert-window.png */; };
		74619BBE1702430700F35BC7 /* alert-window@2x.png in Resources */ = {isa = PBXBuildFile; fileRef = 74619BA21702430700F35BC7 /* alert-window@2x.png */; };
		74619BBF1702430700F35BC7 /* arrived.png in Resources */ = {isa = PBXBuildFile; fileRef = 74619BA31702430700F35BC7 /* arrived.png */; };
		74619BC01702430700F35BC7 /* arrived@2x.png in Resources */ = {isa = PBXBuildFile; fileRef = 74619BA41702430700F35BC7 /* arrived@2x.png */; };
		74619BC11702430700F35BC7 /* button_grey.png in Resources */ = {isa = PBXBuildFile; fileRef = 74619BA51702430700F35BC7 /* button_grey.png */; };
		74619BC21702430700F35BC7 /* button_grey@2x.png in Resources */ = {isa = PBXBuildFile; fileRef = 74619BA61702430700F35BC7 /* button_grey@2x.png */; };
		74619BC31702430700F35BC7 /* button_red.png in Resources */ = {isa = PBXBuildFile; fileRef = 74619BA71702430700F35BC7 /* button_red.png */; };
		74619BC41702430700F35BC7 /* button_red@2x.png in Resources */ = {isa = PBXBuildFile; fileRef = 74619BA81702430700F35BC7 /* button_red@2x.png */; };
		EC90169F14BB629F00EF52E1 /* UIKit.framework in Frameworks */ = {isa = PBXBuildFile; fileRef = EC90169E14BB629F00EF52E1 /* UIKit.framework */; };
		EC9016A114BB629F00EF52E1 /* Foundation.framework in Frameworks */ = {isa = PBXBuildFile; fileRef = EC9016A014BB629F00EF52E1 /* Foundation.framework */; };
		EC9016A314BB629F00EF52E1 /* CoreGraphics.framework in Frameworks */ = {isa = PBXBuildFile; fileRef = EC9016A214BB629F00EF52E1 /* CoreGraphics.framework */; };
		EC9016A914BB629F00EF52E1 /* InfoPlist.strings in Resources */ = {isa = PBXBuildFile; fileRef = EC9016A714BB629F00EF52E1 /* InfoPlist.strings */; };
		EC9016AB14BB629F00EF52E1 /* main.m in Sources */ = {isa = PBXBuildFile; fileRef = EC9016AA14BB629F00EF52E1 /* main.m */; };
		EC9016AF14BB629F00EF52E1 /* BlockAlertsDemoAppDelegate.m in Sources */ = {isa = PBXBuildFile; fileRef = EC9016AE14BB629F00EF52E1 /* BlockAlertsDemoAppDelegate.m */; };
		EC9016B214BB629F00EF52E1 /* BlockAlertsDemoViewController.m in Sources */ = {isa = PBXBuildFile; fileRef = EC9016B114BB629F00EF52E1 /* BlockAlertsDemoViewController.m */; };
		EC9016B514BB629F00EF52E1 /* BlockAlertsDemoViewController.xib in Resources */ = {isa = PBXBuildFile; fileRef = EC9016B314BB629F00EF52E1 /* BlockAlertsDemoViewController.xib */; };
/* End PBXBuildFile section */

/* Begin PBXFileReference section */
		74619B7D17023EDA00F35BC7 /* BlockActionSheet.h */ = {isa = PBXFileReference; fileEncoding = 4; lastKnownFileType = sourcecode.c.h; path = BlockActionSheet.h; sourceTree = "<group>"; };
		74619B7E17023EDA00F35BC7 /* BlockActionSheet.m */ = {isa = PBXFileReference; fileEncoding = 4; lastKnownFileType = sourcecode.c.objc; path = BlockActionSheet.m; sourceTree = "<group>"; };
		74619B7F17023EDA00F35BC7 /* BlockAlertView.h */ = {isa = PBXFileReference; fileEncoding = 4; lastKnownFileType = sourcecode.c.h; path = BlockAlertView.h; sourceTree = "<group>"; };
		74619B8017023EDA00F35BC7 /* BlockAlertView.m */ = {isa = PBXFileReference; fileEncoding = 4; lastKnownFileType = sourcecode.c.objc; path = BlockAlertView.m; sourceTree = "<group>"; };
		74619B8117023EDA00F35BC7 /* BlockBackground.h */ = {isa = PBXFileReference; fileEncoding = 4; lastKnownFileType = sourcecode.c.h; path = BlockBackground.h; sourceTree = "<group>"; };
		74619B8217023EDA00F35BC7 /* BlockBackground.m */ = {isa = PBXFileReference; fileEncoding = 4; lastKnownFileType = sourcecode.c.objc; path = BlockBackground.m; sourceTree = "<group>"; };
		74619B8317023EDA00F35BC7 /* BlockTextPromptAlertView.h */ = {isa = PBXFileReference; fileEncoding = 4; lastKnownFileType = sourcecode.c.h; path = BlockTextPromptAlertView.h; sourceTree = "<group>"; };
		74619B8417023EDA00F35BC7 /* BlockTextPromptAlertView.m */ = {isa = PBXFileReference; fileEncoding = 4; lastKnownFileType = sourcecode.c.objc; path = BlockTextPromptAlertView.m; sourceTree = "<group>"; };
		74619B8517023EDA00F35BC7 /* BlockUI.h */ = {isa = PBXFileReference; fileEncoding = 4; lastKnownFileType = sourcecode.c.h; path = BlockUI.h; sourceTree = "<group>"; };
		74619B8C1702430700F35BC7 /* action-black-button-selected.png */ = {isa = PBXFileReference; lastKnownFileType = image.png; path = "action-black-button-selected.png"; sourceTree = "<group>"; };
		74619B8D1702430700F35BC7 /* action-black-button-selected@2x.png */ = {isa = PBXFileReference; lastKnownFileType = image.png; path = "action-black-button-selected@2x.png"; sourceTree = "<group>"; };
		74619B8E1702430700F35BC7 /* action-black-button.png */ = {isa = PBXFileReference; lastKnownFileType = image.png; path = "action-black-button.png"; sourceTree = "<group>"; };
		74619B8F1702430700F35BC7 /* action-black-button@2x.png */ = {isa = PBXFileReference; lastKnownFileType = image.png; path = "action-black-button@2x.png"; sourceTree = "<group>"; };
		74619B901702430700F35BC7 /* action-gray-button-selected.png */ = {isa = PBXFileReference; lastKnownFileType = image.png; path = "action-gray-button-selected.png"; sourceTree = "<group>"; };
		74619B911702430700F35BC7 /* action-gray-button-selected@2x.png */ = {isa = PBXFileReference; lastKnownFileType = image.png; path = "action-gray-button-selected@2x.png"; sourceTree = "<group>"; };
		74619B921702430700F35BC7 /* action-gray-button.png */ = {isa = PBXFileReference; lastKnownFileType = image.png; path = "action-gray-button.png"; sourceTree = "<group>"; };
		74619B931702430700F35BC7 /* action-gray-button@2x.png */ = {isa = PBXFileReference; lastKnownFileType = image.png; path = "action-gray-button@2x.png"; sourceTree = "<group>"; };
		74619B941702430700F35BC7 /* action-red-button-selected.png */ = {isa = PBXFileReference; lastKnownFileType = image.png; path = "action-red-button-selected.png"; sourceTree = "<group>"; };
		74619B951702430700F35BC7 /* action-red-button-selected@2x.png */ = {isa = PBXFileReference; lastKnownFileType = image.png; path = "action-red-button-selected@2x.png"; sourceTree = "<group>"; };
		74619B961702430700F35BC7 /* action-red-button.png */ = {isa = PBXFileReference; lastKnownFileType = image.png; path = "action-red-button.png"; sourceTree = "<group>"; };
		74619B971702430700F35BC7 /* action-red-button@2x.png */ = {isa = PBXFileReference; lastKnownFileType = image.png; path = "action-red-button@2x.png"; sourceTree = "<group>"; };
		74619B981702430700F35BC7 /* action-sheet-panel.png */ = {isa = PBXFileReference; lastKnownFileType = image.png; path = "action-sheet-panel.png"; sourceTree = "<group>"; };
		74619B991702430700F35BC7 /* action-sheet-panel@2x.png */ = {isa = PBXFileReference; lastKnownFileType = image.png; path = "action-sheet-panel@2x.png"; sourceTree = "<group>"; };
		74619B9B1702430700F35BC7 /* alert-black-button.png */ = {isa = PBXFileReference; lastKnownFileType = image.png; path = "alert-black-button.png"; sourceTree = "<group>"; };
		74619B9C1702430700F35BC7 /* alert-black-button@2x.png */ = {isa = PBXFileReference; lastKnownFileType = image.png; path = "alert-black-button@2x.png"; sourceTree = "<group>"; };
		74619B9D1702430700F35BC7 /* alert-gray-button.png */ = {isa = PBXFileReference; lastKnownFileType = image.png; path = "alert-gray-button.png"; sourceTree = "<group>"; };
		74619B9E1702430700F35BC7 /* alert-gray-button@2x.png */ = {isa = PBXFileReference; lastKnownFileType = image.png; path = "alert-gray-button@2x.png"; sourceTree = "<group>"; };
		74619B9F1702430700F35BC7 /* alert-red-button.png */ = {isa = PBXFileReference; lastKnownFileType = image.png; path = "alert-red-button.png"; sourceTree = "<group>"; };
		74619BA01702430700F35BC7 /* alert-red-button@2x.png */ = {isa = PBXFileReference; lastKnownFileType = image.png; path = "alert-red-button@2x.png"; sourceTree = "<group>"; };
		74619BA11702430700F35BC7 /* alert-window.png */ = {isa = PBXFileReference; lastKnownFileType = image.png; path = "alert-window.png"; sourceTree = "<group>"; };
		74619BA21702430700F35BC7 /* alert-window@2x.png */ = {isa = PBXFileReference; lastKnownFileType = image.png; path = "alert-window@2x.png"; sourceTree = "<group>"; };
		74619BA31702430700F35BC7 /* arrived.png */ = {isa = PBXFileReference; lastKnownFileType = image.png; path = arrived.png; sourceTree = "<group>"; };
		74619BA41702430700F35BC7 /* arrived@2x.png */ = {isa = PBXFileReference; lastKnownFileType = image.png; path = "arrived@2x.png"; sourceTree = "<group>"; };
		74619BA51702430700F35BC7 /* button_grey.png */ = {isa = PBXFileReference; lastKnownFileType = image.png; path = button_grey.png; sourceTree = "<group>"; };
		74619BA61702430700F35BC7 /* button_grey@2x.png */ = {isa = PBXFileReference; lastKnownFileType = image.png; path = "button_grey@2x.png"; sourceTree = "<group>"; };
		74619BA71702430700F35BC7 /* button_red.png */ = {isa = PBXFileReference; lastKnownFileType = image.png; path = button_red.png; sourceTree = "<group>"; };
		74619BA81702430700F35BC7 /* button_red@2x.png */ = {isa = PBXFileReference; lastKnownFileType = image.png; path = "button_red@2x.png"; sourceTree = "<group>"; };
		EC90169A14BB629F00EF52E1 /* BlockAlertsDemo.app */ = {isa = PBXFileReference; explicitFileType = wrapper.application; includeInIndex = 0; path = BlockAlertsDemo.app; sourceTree = BUILT_PRODUCTS_DIR; };
		EC90169E14BB629F00EF52E1 /* UIKit.framework */ = {isa = PBXFileReference; lastKnownFileType = wrapper.framework; name = UIKit.framework; path = System/Library/Frameworks/UIKit.framework; sourceTree = SDKROOT; };
		EC9016A014BB629F00EF52E1 /* Foundation.framework */ = {isa = PBXFileReference; lastKnownFileType = wrapper.framework; name = Foundation.framework; path = System/Library/Frameworks/Foundation.framework; sourceTree = SDKROOT; };
		EC9016A214BB629F00EF52E1 /* CoreGraphics.framework */ = {isa = PBXFileReference; lastKnownFileType = wrapper.framework; name = CoreGraphics.framework; path = System/Library/Frameworks/CoreGraphics.framework; sourceTree = SDKROOT; };
		EC9016A614BB629F00EF52E1 /* BlockAlertsDemo-Info.plist */ = {isa = PBXFileReference; lastKnownFileType = text.plist.xml; path = "BlockAlertsDemo-Info.plist"; sourceTree = "<group>"; };
		EC9016A814BB629F00EF52E1 /* en */ = {isa = PBXFileReference; lastKnownFileType = text.plist.strings; name = en; path = en.lproj/InfoPlist.strings; sourceTree = "<group>"; };
		EC9016AA14BB629F00EF52E1 /* main.m */ = {isa = PBXFileReference; lastKnownFileType = sourcecode.c.objc; path = main.m; sourceTree = "<group>"; };
		EC9016AC14BB629F00EF52E1 /* BlockAlertsDemo-Prefix.pch */ = {isa = PBXFileReference; lastKnownFileType = sourcecode.c.h; path = "BlockAlertsDemo-Prefix.pch"; sourceTree = "<group>"; };
		EC9016AD14BB629F00EF52E1 /* BlockAlertsDemoAppDelegate.h */ = {isa = PBXFileReference; lastKnownFileType = sourcecode.c.h; path = BlockAlertsDemoAppDelegate.h; sourceTree = "<group>"; };
		EC9016AE14BB629F00EF52E1 /* BlockAlertsDemoAppDelegate.m */ = {isa = PBXFileReference; lastKnownFileType = sourcecode.c.objc; path = BlockAlertsDemoAppDelegate.m; sourceTree = "<group>"; };
		EC9016B014BB629F00EF52E1 /* BlockAlertsDemoViewController.h */ = {isa = PBXFileReference; lastKnownFileType = sourcecode.c.h; path = BlockAlertsDemoViewController.h; sourceTree = "<group>"; };
		EC9016B114BB629F00EF52E1 /* BlockAlertsDemoViewController.m */ = {isa = PBXFileReference; lastKnownFileType = sourcecode.c.objc; path = BlockAlertsDemoViewController.m; sourceTree = "<group>"; };
		EC9016B414BB629F00EF52E1 /* en */ = {isa = PBXFileReference; lastKnownFileType = file.xib; name = en; path = en.lproj/BlockAlertsDemoViewController.xib; sourceTree = "<group>"; };
/* End PBXFileReference section */

/* Begin PBXFrameworksBuildPhase section */
		EC90169714BB629F00EF52E1 /* Frameworks */ = {
			isa = PBXFrameworksBuildPhase;
			buildActionMask = 2147483647;
			files = (
				EC90169F14BB629F00EF52E1 /* UIKit.framework in Frameworks */,
				EC9016A114BB629F00EF52E1 /* Foundation.framework in Frameworks */,
				EC9016A314BB629F00EF52E1 /* CoreGraphics.framework in Frameworks */,
			);
			runOnlyForDeploymentPostprocessing = 0;
		};
/* End PBXFrameworksBuildPhase section */

/* Begin PBXGroup section */
		74619B7C17023EDA00F35BC7 /* BlockAlerts */ = {
			isa = PBXGroup;
			children = (
				74619B7D17023EDA00F35BC7 /* BlockActionSheet.h */,
				74619B7E17023EDA00F35BC7 /* BlockActionSheet.m */,
				74619B7F17023EDA00F35BC7 /* BlockAlertView.h */,
				74619B8017023EDA00F35BC7 /* BlockAlertView.m */,
				74619B8117023EDA00F35BC7 /* BlockBackground.h */,
				74619B8217023EDA00F35BC7 /* BlockBackground.m */,
				74619B8317023EDA00F35BC7 /* BlockTextPromptAlertView.h */,
				74619B8417023EDA00F35BC7 /* BlockTextPromptAlertView.m */,
				74619B8517023EDA00F35BC7 /* BlockUI.h */,
			);
			path = BlockAlerts;
			sourceTree = SOURCE_ROOT;
		};
		74619B8A1702430700F35BC7 /* images */ = {
			isa = PBXGroup;
			children = (
				74619B8B1702430700F35BC7 /* ActionSheet */,
				74619B9A1702430700F35BC7 /* AlertView */,
				74619BA31702430700F35BC7 /* arrived.png */,
				74619BA41702430700F35BC7 /* arrived@2x.png */,
				74619BA51702430700F35BC7 /* button_grey.png */,
				74619BA61702430700F35BC7 /* button_grey@2x.png */,
				74619BA71702430700F35BC7 /* button_red.png */,
				74619BA81702430700F35BC7 /* button_red@2x.png */,
			);
			name = images;
			path = BlockAlerts/images;
			sourceTree = SOURCE_ROOT;
		};
		74619B8B1702430700F35BC7 /* ActionSheet */ = {
			isa = PBXGroup;
			children = (
				74619B8C1702430700F35BC7 /* action-black-button-selected.png */,
				74619B8D1702430700F35BC7 /* action-black-button-selected@2x.png */,
				74619B8E1702430700F35BC7 /* action-black-button.png */,
				74619B8F1702430700F35BC7 /* action-black-button@2x.png */,
				74619B901702430700F35BC7 /* action-gray-button-selected.png */,
				74619B911702430700F35BC7 /* action-gray-button-selected@2x.png */,
				74619B921702430700F35BC7 /* action-gray-button.png */,
				74619B931702430700F35BC7 /* action-gray-button@2x.png */,
				74619B941702430700F35BC7 /* action-red-button-selected.png */,
				74619B951702430700F35BC7 /* action-red-button-selected@2x.png */,
				74619B961702430700F35BC7 /* action-red-button.png */,
				74619B971702430700F35BC7 /* action-red-button@2x.png */,
				74619B981702430700F35BC7 /* action-sheet-panel.png */,
				74619B991702430700F35BC7 /* action-sheet-panel@2x.png */,
			);
			path = ActionSheet;
			sourceTree = "<group>";
		};
		74619B9A1702430700F35BC7 /* AlertView */ = {
			isa = PBXGroup;
			children = (
				74619B9B1702430700F35BC7 /* alert-black-button.png */,
				74619B9C1702430700F35BC7 /* alert-black-button@2x.png */,
				74619B9D1702430700F35BC7 /* alert-gray-button.png */,
				74619B9E1702430700F35BC7 /* alert-gray-button@2x.png */,
				74619B9F1702430700F35BC7 /* alert-red-button.png */,
				74619BA01702430700F35BC7 /* alert-red-button@2x.png */,
				74619BA11702430700F35BC7 /* alert-window.png */,
				74619BA21702430700F35BC7 /* alert-window@2x.png */,
			);
			path = AlertView;
			sourceTree = "<group>";
		};
		EC90168F14BB629F00EF52E1 = {
			isa = PBXGroup;
			children = (
				EC9016A414BB629F00EF52E1 /* BlockAlertsDemo */,
				EC90169D14BB629F00EF52E1 /* Frameworks */,
				EC90169B14BB629F00EF52E1 /* Products */,
			);
			sourceTree = "<group>";
		};
		EC90169B14BB629F00EF52E1 /* Products */ = {
			isa = PBXGroup;
			children = (
				EC90169A14BB629F00EF52E1 /* BlockAlertsDemo.app */,
			);
			name = Products;
			sourceTree = "<group>";
		};
		EC90169D14BB629F00EF52E1 /* Frameworks */ = {
			isa = PBXGroup;
			children = (
				EC90169E14BB629F00EF52E1 /* UIKit.framework */,
				EC9016A014BB629F00EF52E1 /* Foundation.framework */,
				EC9016A214BB629F00EF52E1 /* CoreGraphics.framework */,
			);
			name = Frameworks;
			sourceTree = "<group>";
		};
		EC9016A414BB629F00EF52E1 /* BlockAlertsDemo */ = {
			isa = PBXGroup;
			children = (
				EC9016AD14BB629F00EF52E1 /* BlockAlertsDemoAppDelegate.h */,
				EC9016AE14BB629F00EF52E1 /* BlockAlertsDemoAppDelegate.m */,
				EC9016B014BB629F00EF52E1 /* BlockAlertsDemoViewController.h */,
				EC9016B114BB629F00EF52E1 /* BlockAlertsDemoViewController.m */,
				EC9016B314BB629F00EF52E1 /* BlockAlertsDemoViewController.xib */,
				74619B7C17023EDA00F35BC7 /* BlockAlerts */,
				EC9016A514BB629F00EF52E1 /* Supporting Files */,
			);
			path = BlockAlertsDemo;
			sourceTree = "<group>";
		};
		EC9016A514BB629F00EF52E1 /* Supporting Files */ = {
			isa = PBXGroup;
			children = (
				74619B8A1702430700F35BC7 /* images */,
				EC9016A614BB629F00EF52E1 /* BlockAlertsDemo-Info.plist */,
				EC9016A714BB629F00EF52E1 /* InfoPlist.strings */,
				EC9016AA14BB629F00EF52E1 /* main.m */,
				EC9016AC14BB629F00EF52E1 /* BlockAlertsDemo-Prefix.pch */,
			);
			name = "Supporting Files";
			sourceTree = "<group>";
		};
/* End PBXGroup section */

/* Begin PBXNativeTarget section */
		EC90169914BB629F00EF52E1 /* BlockAlertsDemo */ = {
			isa = PBXNativeTarget;
			buildConfigurationList = EC9016B814BB629F00EF52E1 /* Build configuration list for PBXNativeTarget "BlockAlertsDemo" */;
			buildPhases = (
				EC90169614BB629F00EF52E1 /* Sources */,
				EC90169714BB629F00EF52E1 /* Frameworks */,
				EC90169814BB629F00EF52E1 /* Resources */,
			);
			buildRules = (
			);
			dependencies = (
			);
			name = BlockAlertsDemo;
			productName = BlockAlertsDemo;
			productReference = EC90169A14BB629F00EF52E1 /* BlockAlertsDemo.app */;
			productType = "com.apple.product-type.application";
		};
/* End PBXNativeTarget section */

/* Begin PBXProject section */
		EC90169114BB629F00EF52E1 /* Project object */ = {
			isa = PBXProject;
			attributes = {
				LastUpgradeCheck = 0420;
				ORGANIZATIONNAME = "CodeCrop Software";
			};
			buildConfigurationList = EC90169414BB629F00EF52E1 /* Build configuration list for PBXProject "BlockAlertsDemo" */;
			compatibilityVersion = "Xcode 3.2";
			developmentRegion = English;
			hasScannedForEncodings = 0;
			knownRegions = (
				en,
			);
			mainGroup = EC90168F14BB629F00EF52E1;
			productRefGroup = EC90169B14BB629F00EF52E1 /* Products */;
			projectDirPath = "";
			projectRoot = "";
			targets = (
				EC90169914BB629F00EF52E1 /* BlockAlertsDemo */,
			);
		};
/* End PBXProject section */

/* Begin PBXResourcesBuildPhase section */
		EC90169814BB629F00EF52E1 /* Resources */ = {
			isa = PBXResourcesBuildPhase;
			buildActionMask = 2147483647;
			files = (
				EC9016A914BB629F00EF52E1 /* InfoPlist.strings in Resources */,
				EC9016B514BB629F00EF52E1 /* BlockAlertsDemoViewController.xib in Resources */,
				74619BA91702430700F35BC7 /* action-black-button-selected.png in Resources */,
				74619BAA1702430700F35BC7 /* action-black-button-selected@2x.png in Resources */,
				74619BAB1702430700F35BC7 /* action-black-button.png in Resources */,
				74619BAC1702430700F35BC7 /* action-black-button@2x.png in Resources */,
				74619BAD1702430700F35BC7 /* action-gray-button-selected.png in Resources */,
				74619BAE1702430700F35BC7 /* action-gray-button-selected@2x.png in Resources */,
				74619BAF1702430700F35BC7 /* action-gray-button.png in Resources */,
				74619BB01702430700F35BC7 /* action-gray-button@2x.png in Resources */,
				74619BB11702430700F35BC7 /* action-red-button-selected.png in Resources */,
				74619BB21702430700F35BC7 /* action-red-button-selected@2x.png in Resources */,
				74619BB31702430700F35BC7 /* action-red-button.png in Resources */,
				74619BB41702430700F35BC7 /* action-red-button@2x.png in Resources */,
				74619BB51702430700F35BC7 /* action-sheet-panel.png in Resources */,
				74619BB61702430700F35BC7 /* action-sheet-panel@2x.png in Resources */,
				74619BB71702430700F35BC7 /* alert-black-button.png in Resources */,
				74619BB81702430700F35BC7 /* alert-black-button@2x.png in Resources */,
				74619BB91702430700F35BC7 /* alert-gray-button.png in Resources */,
				74619BBA1702430700F35BC7 /* alert-gray-button@2x.png in Resources */,
				74619BBB1702430700F35BC7 /* alert-red-button.png in Resources */,
				74619BBC1702430700F35BC7 /* alert-red-button@2x.png in Resources */,
				74619BBD1702430700F35BC7 /* alert-window.png in Resources */,
				74619BBE1702430700F35BC7 /* alert-window@2x.png in Resources */,
				74619BBF1702430700F35BC7 /* arrived.png in Resources */,
				74619BC01702430700F35BC7 /* arrived@2x.png in Resources */,
				74619BC11702430700F35BC7 /* button_grey.png in Resources */,
				74619BC21702430700F35BC7 /* button_grey@2x.png in Resources */,
				74619BC31702430700F35BC7 /* button_red.png in Resources */,
				74619BC41702430700F35BC7 /* button_red@2x.png in Resources */,
			);
			runOnlyForDeploymentPostprocessing = 0;
		};
/* End PBXResourcesBuildPhase section */

/* Begin PBXSourcesBuildPhase section */
		EC90169614BB629F00EF52E1 /* Sources */ = {
			isa = PBXSourcesBuildPhase;
			buildActionMask = 2147483647;
			files = (
				EC9016AB14BB629F00EF52E1 /* main.m in Sources */,
				EC9016AF14BB629F00EF52E1 /* BlockAlertsDemoAppDelegate.m in Sources */,
				EC9016B214BB629F00EF52E1 /* BlockAlertsDemoViewController.m in Sources */,
				74619B8617023EDA00F35BC7 /* BlockActionSheet.m in Sources */,
				74619B8717023EDA00F35BC7 /* BlockAlertView.m in Sources */,
				74619B8817023EDA00F35BC7 /* BlockBackground.m in Sources */,
				74619B8917023EDA00F35BC7 /* BlockTextPromptAlertView.m in Sources */,
			);
			runOnlyForDeploymentPostprocessing = 0;
		};
/* End PBXSourcesBuildPhase section */

/* Begin PBXVariantGroup section */
		EC9016A714BB629F00EF52E1 /* InfoPlist.strings */ = {
			isa = PBXVariantGroup;
			children = (
				EC9016A814BB629F00EF52E1 /* en */,
			);
			name = InfoPlist.strings;
			sourceTree = "<group>";
		};
		EC9016B314BB629F00EF52E1 /* BlockAlertsDemoViewController.xib */ = {
			isa = PBXVariantGroup;
			children = (
				EC9016B414BB629F00EF52E1 /* en */,
			);
			name = BlockAlertsDemoViewController.xib;
			sourceTree = "<group>";
		};
/* End PBXVariantGroup section */

/* Begin XCBuildConfiguration section */
		EC9016B614BB629F00EF52E1 /* Debug */ = {
			isa = XCBuildConfiguration;
			buildSettings = {
				ALWAYS_SEARCH_USER_PATHS = NO;
				ARCHS = "$(ARCHS_STANDARD_32_BIT)";
				"CODE_SIGN_IDENTITY[sdk=iphoneos*]" = "iPhone Developer";
				COPY_PHASE_STRIP = NO;
				GCC_C_LANGUAGE_STANDARD = gnu99;
				GCC_DYNAMIC_NO_PIC = NO;
				GCC_OPTIMIZATION_LEVEL = 0;
				GCC_PREPROCESSOR_DEFINITIONS = (
					"DEBUG=1",
					"$(inherited)",
				);
				GCC_SYMBOLS_PRIVATE_EXTERN = NO;
				GCC_VERSION = com.apple.compilers.llvm.clang.1_0;
				GCC_WARN_ABOUT_MISSING_PROTOTYPES = YES;
				GCC_WARN_ABOUT_RETURN_TYPE = YES;
				GCC_WARN_UNUSED_VARIABLE = YES;
				IPHONEOS_DEPLOYMENT_TARGET = 5.0;
				SDKROOT = iphoneos;
			};
			name = Debug;
		};
		EC9016B714BB629F00EF52E1 /* Release */ = {
			isa = XCBuildConfiguration;
			buildSettings = {
				ALWAYS_SEARCH_USER_PATHS = NO;
				ARCHS = "$(ARCHS_STANDARD_32_BIT)";
				"CODE_SIGN_IDENTITY[sdk=iphoneos*]" = "iPhone Developer";
				COPY_PHASE_STRIP = YES;
				GCC_C_LANGUAGE_STANDARD = gnu99;
				GCC_VERSION = com.apple.compilers.llvm.clang.1_0;
				GCC_WARN_ABOUT_MISSING_PROTOTYPES = YES;
				GCC_WARN_ABOUT_RETURN_TYPE = YES;
				GCC_WARN_UNUSED_VARIABLE = YES;
				IPHONEOS_DEPLOYMENT_TARGET = 5.0;
				OTHER_CFLAGS = "-DNS_BLOCK_ASSERTIONS=1";
				SDKROOT = iphoneos;
				VALIDATE_PRODUCT = YES;
			};
			name = Release;
		};
		EC9016B914BB629F00EF52E1 /* Debug */ = {
			isa = XCBuildConfiguration;
			buildSettings = {
				GCC_PRECOMPILE_PREFIX_HEADER = YES;
				GCC_PREFIX_HEADER = "BlockAlertsDemo/BlockAlertsDemo-Prefix.pch";
				INFOPLIST_FILE = "BlockAlertsDemo/BlockAlertsDemo-Info.plist";
				IPHONEOS_DEPLOYMENT_TARGET = 5.0;
				PRODUCT_NAME = "$(TARGET_NAME)";
				TARGETED_DEVICE_FAMILY = "1,2";
				WRAPPER_EXTENSION = app;
			};
			name = Debug;
		};
		EC9016BA14BB629F00EF52E1 /* Release */ = {
			isa = XCBuildConfiguration;
			buildSettings = {
				GCC_PRECOMPILE_PREFIX_HEADER = YES;
				GCC_PREFIX_HEADER = "BlockAlertsDemo/BlockAlertsDemo-Prefix.pch";
				INFOPLIST_FILE = "BlockAlertsDemo/BlockAlertsDemo-Info.plist";
				IPHONEOS_DEPLOYMENT_TARGET = 5.0;
				PRODUCT_NAME = "$(TARGET_NAME)";
				TARGETED_DEVICE_FAMILY = "1,2";
				WRAPPER_EXTENSION = app;
			};
			name = Release;
		};
/* End XCBuildConfiguration section */

/* Begin XCConfigurationList section */
		EC90169414BB629F00EF52E1 /* Build configuration list for PBXProject "BlockAlertsDemo" */ = {
			isa = XCConfigurationList;
			buildConfigurations = (
				EC9016B614BB629F00EF52E1 /* Debug */,
				EC9016B714BB629F00EF52E1 /* Release */,
			);
			defaultConfigurationIsVisible = 0;
			defaultConfigurationName = Release;
		};
		EC9016B814BB629F00EF52E1 /* Build configuration list for PBXNativeTarget "BlockAlertsDemo" */ = {
			isa = XCConfigurationList;
			buildConfigurations = (
				EC9016B914BB629F00EF52E1 /* Debug */,
				EC9016BA14BB629F00EF52E1 /* Release */,
			);
			defaultConfigurationIsVisible = 0;
			defaultConfigurationName = Release;
		};
/* End XCConfigurationList section */
	};
	rootObject = EC90169114BB629F00EF52E1 /* Project object */;
}
